
Microsoft Visual Studio Solution File, Format Version 12.00
# Visual Studio Version 16
VisualStudioVersion = 16.0.28729.10
MinimumVisualStudioVersion = 10.0.40219.1
Project("{8BC9CEB8-8B4A-11D0-8D11-00A0C91BC942}") = "Homework_Code_Republic", "Homework_Code_Republic\Homework_Code_Republic.vcxproj", "{3AD953FF-A859-4EBC-8197-00B57807B08F}"
EndProject
Global
	GlobalSection(SolutionConfigurationPlatforms) = preSolution
		Debug|x64 = Debug|x64
		Debug|x86 = Debug|x86
		Release|x64 = Release|x64
		Release|x86 = Release|x86
	EndGlobalSection
	GlobalSection(ProjectConfigurationPlatforms) = postSolution
		{3AD953FF-A859-4EBC-8197-00B57807B08F}.Debug|x64.ActiveCfg = Debug|x64
		{3AD953FF-A859-4EBC-8197-00B57807B08F}.Debug|x64.Build.0 = Debug|x64
		{3AD953FF-A859-4EBC-8197-00B57807B08F}.Debug|x86.ActiveCfg = Debug|Win32
		{3AD953FF-A859-4EBC-8197-00B57807B08F}.Debug|x86.Build.0 = Debug|Win32
		{3AD953FF-A859-4EBC-8197-00B57807B08F}.Release|x64.ActiveCfg = Release|x64
		{3AD953FF-A859-4EBC-8197-00B57807B08F}.Release|x64.Build.0 = Release|x64
		{3AD953FF-A859-4EBC-8197-00B57807B08F}.Release|x86.ActiveCfg = Release|Win32
		{3AD953FF-A859-4EBC-8197-00B57807B08F}.Release|x86.Build.0 = Release|Win32
	EndGlobalSection
	GlobalSection(SolutionProperties) = preSolution
		HideSolutionNode = FALSE
	EndGlobalSection
	GlobalSection(ExtensibilityGlobals) = postSolution
		SolutionGuid = {CF440585-2CD4-423A-AB82-B059ECC7CA79}
	EndGlobalSection
EndGlobal
